
Microsoft Visual Studio Solution File, Format Version 12.00
# Visual Studio Version 17
VisualStudioVersion = 17.13.35825.156
MinimumVisualStudioVersion = 10.0.40219.1
Project("{FAE04EC0-301F-11D3-BF4B-00C04F79EFBC}") = "gly", "gly.csproj", "{08A18BB0-67B9-4400-B365-E35E632088F2}"
EndProject
Project("{FAE04EC0-301F-11D3-BF4B-00C04F79EFBC}") = "BLL", "..\BLL\BLL.csproj", "{03654B19-0A28-48AC-9A7A-54274AF5E68B}"
EndProject
Project("{FAE04EC0-301F-11D3-BF4B-00C04F79EFBC}") = "DAL", "..\DAL\DAL.csproj", "{2DC51383-7467-4D50-AB3A-DA008C6252DB}"
EndProject
Project("{FAE04EC0-301F-11D3-BF4B-00C04F79EFBC}") = "Modle", "..\Modle\Modle.csproj", "{DBEDCEB5-15E7-445D-AF43-947D4EA8E06D}"
EndProject
Project("{FAE04EC0-301F-11D3-BF4B-00C04F79EFBC}") = "hz", "..\hz\hz.csproj", "{3A63C9E6-C6AC-4105-9E76-60224F1EC2DA}"
EndProject
Global
	GlobalSection(SolutionConfigurationPlatforms) = preSolution
		Debug|Any CPU = Debug|Any CPU
		Release|Any CPU = Release|Any CPU
	EndGlobalSection
	GlobalSection(ProjectConfigurationPlatforms) = postSolution
		{08A18BB0-67B9-4400-B365-E35E632088F2}.Debug|Any CPU.ActiveCfg = Debug|Any CPU
		{08A18BB0-67B9-4400-B365-E35E632088F2}.Debug|Any CPU.Build.0 = Debug|Any CPU
		{08A18BB0-67B9-4400-B365-E35E632088F2}.Release|Any CPU.ActiveCfg = Release|Any CPU
		{08A18BB0-67B9-4400-B365-E35E632088F2}.Release|Any CPU.Build.0 = Release|Any CPU
		{03654B19-0A28-48AC-9A7A-54274AF5E68B}.Debug|Any CPU.ActiveCfg = Debug|Any CPU
		{03654B19-0A28-48AC-9A7A-54274AF5E68B}.Debug|Any CPU.Build.0 = Debug|Any CPU
		{03654B19-0A28-48AC-9A7A-54274AF5E68B}.Release|Any CPU.ActiveCfg = Release|Any CPU
		{03654B19-0A28-48AC-9A7A-54274AF5E68B}.Release|Any CPU.Build.0 = Release|Any CPU
		{2DC51383-7467-4D50-AB3A-DA008C6252DB}.Debug|Any CPU.ActiveCfg = Debug|Any CPU
		{2DC51383-7467-4D50-AB3A-DA008C6252DB}.Debug|Any CPU.Build.0 = Debug|Any CPU
		{2DC51383-7467-4D50-AB3A-DA008C6252DB}.Release|Any CPU.ActiveCfg = Release|Any CPU
		{2DC51383-7467-4D50-AB3A-DA008C6252DB}.Release|Any CPU.Build.0 = Release|Any CPU
		{DBEDCEB5-15E7-445D-AF43-947D4EA8E06D}.Debug|Any CPU.ActiveCfg = Debug|Any CPU
		{DBEDCEB5-15E7-445D-AF43-947D4EA8E06D}.Debug|Any CPU.Build.0 = Debug|Any CPU
		{DBEDCEB5-15E7-445D-AF43-947D4EA8E06D}.Release|Any CPU.ActiveCfg = Release|Any CPU
		{DBEDCEB5-15E7-445D-AF43-947D4EA8E06D}.Release|Any CPU.Build.0 = Release|Any CPU
		{3A63C9E6-C6AC-4105-9E76-60224F1EC2DA}.Debug|Any CPU.ActiveCfg = Debug|Any CPU
		{3A63C9E6-C6AC-4105-9E76-60224F1EC2DA}.Debug|Any CPU.Build.0 = Debug|Any CPU
		{3A63C9E6-C6AC-4105-9E76-60224F1EC2DA}.Release|Any CPU.ActiveCfg = Release|Any CPU
		{3A63C9E6-C6AC-4105-9E76-60224F1EC2DA}.Release|Any CPU.Build.0 = Release|Any CPU
	EndGlobalSection
	GlobalSection(SolutionProperties) = preSolution
		HideSolutionNode = FALSE
	EndGlobalSection
	GlobalSection(ExtensibilityGlobals) = postSolution
		SolutionGuid = {959C0402-226F-464F-946E-96B8F025AFB5}
	EndGlobalSection
EndGlobal
